
Microsoft Visual Studio Solution File, Format Version 12.00
# Visual Studio Version 16
VisualStudioVersion = 16.0.29519.181
MinimumVisualStudioVersion = 10.0.40219.1
Project("{9092AA53-FB77-4645-B42D-1CCCA6BD08BD}") = "NodejsApp1", "NodejsApp1.njsproj", "{06A0A3EF-2E7F-4345-A46E-9C24832537E8}"
EndProject
Global
	GlobalSection(SolutionConfigurationPlatforms) = preSolution
		Debug|Any CPU = Debug|Any CPU
		Release|Any CPU = Release|Any CPU
	EndGlobalSection
	GlobalSection(ProjectConfigurationPlatforms) = postSolution
		{06A0A3EF-2E7F-4345-A46E-9C24832537E8}.Debug|Any CPU.ActiveCfg = Debug|Any CPU
		{06A0A3EF-2E7F-4345-A46E-9C24832537E8}.Debug|Any CPU.Build.0 = Debug|Any CPU
		{06A0A3EF-2E7F-4345-A46E-9C24832537E8}.Release|Any CPU.ActiveCfg = Release|Any CPU
		{06A0A3EF-2E7F-4345-A46E-9C24832537E8}.Release|Any CPU.Build.0 = Release|Any CPU
	EndGlobalSection
	GlobalSection(SolutionProperties) = preSolution
		HideSolutionNode = FALSE
	EndGlobalSection
	GlobalSection(ExtensibilityGlobals) = postSolution
		SolutionGuid = {D1A02F7E-468E-463C-8F8D-0705D4C73C89}
	EndGlobalSection
EndGlobal
